
Microsoft Visual Studio Solution File, Format Version 12.00
# Visual Studio Version 17
VisualStudioVersion = 17.12.35514.174
MinimumVisualStudioVersion = 10.0.40219.1
Project("{FAE04EC0-301F-11D3-BF4B-00C04F79EFBC}") = "Proyectoc#", "Proyectoc#\Proyectoc#.csproj", "{B1B12F60-4937-4037-85DE-7F7BD53AD9B9}"
EndProject
Project("{FAE04EC0-301F-11D3-BF4B-00C04F79EFBC}") = "Web API", "Web API\Web API.csproj", "{15A5E71C-B141-4D03-AF5A-D7E1435AE885}"
EndProject
Global
	GlobalSection(SolutionConfigurationPlatforms) = preSolution
		Debug|Any CPU = Debug|Any CPU
		Release|Any CPU = Release|Any CPU
	EndGlobalSection
	GlobalSection(ProjectConfigurationPlatforms) = postSolution
		{B1B12F60-4937-4037-85DE-7F7BD53AD9B9}.Debug|Any CPU.ActiveCfg = Debug|Any CPU
		{B1B12F60-4937-4037-85DE-7F7BD53AD9B9}.Debug|Any CPU.Build.0 = Debug|Any CPU
		{B1B12F60-4937-4037-85DE-7F7BD53AD9B9}.Release|Any CPU.ActiveCfg = Release|Any CPU
		{B1B12F60-4937-4037-85DE-7F7BD53AD9B9}.Release|Any CPU.Build.0 = Release|Any CPU
		{15A5E71C-B141-4D03-AF5A-D7E1435AE885}.Debug|Any CPU.ActiveCfg = Debug|Any CPU
		{15A5E71C-B141-4D03-AF5A-D7E1435AE885}.Debug|Any CPU.Build.0 = Debug|Any CPU
		{15A5E71C-B141-4D03-AF5A-D7E1435AE885}.Release|Any CPU.ActiveCfg = Release|Any CPU
		{15A5E71C-B141-4D03-AF5A-D7E1435AE885}.Release|Any CPU.Build.0 = Release|Any CPU
	EndGlobalSection
	GlobalSection(SolutionProperties) = preSolution
		HideSolutionNode = FALSE
	EndGlobalSection
EndGlobal
